<?xml version="1.0" encoding="UTF-8" standalone="yes" ?>
<CodeBlocks_project_file>
	<FileVersion major="1" minor="6" />
	<Project>
		<Option title="vr3d" />
		<Option makefile_is_custom="1" />
		<Option pch_mode="2" />
		<Option compiler="gcc" />
		<Option virtualFolders="addons/;src/;build config/;addons/ofxFaceTracker/libs/FaceTracker/include/FaceTracker/;addons/ofxFaceTracker/libs/FaceTracker/src/lib/;addons/ofxUI/src/;addons/ofxCv/libs/CLD/include/CLD/;addons/ofxCv/libs/ofxCv/include/ofxCv/;addons/ofxAssimpModelLoader/libs/assimp/include/;addons/ofxAssimpModelLoader/src/;addons/ofxCv/libs/ofxCv/src/;addons/ofxCv/libs/CLD/src/;addons/ofxAssimpModelLoader/libs/assimp/include/Compiler/;addons/ofxFaceTracker/src/;addons/ofxCv/src/;" />
		<Build>
			<Target title="Debug">
				<Option output="bin/$(PROJECT_NAME)_debug" prefix_auto="1" extension_auto="1" />
				<Option working_dir="bin" />
				<Option object_output="obj/Debug/" />
				<Option external_deps="../../../libs/openFrameworksCompiled/lib/linux64/libopenFrameworksDebug.a;" />
				<Option type="1" />
				<Option compiler="gcc" />
				<Option projectLinkerOptionsRelation="2" />
				<Compiler>
					<Add directory="apps/myApps/vr3d/src" />
				</Compiler>
			</Target>
			<Target title="Release">
				<Option output="bin/$(PROJECT_NAME)" prefix_auto="1" extension_auto="1" />
				<Option working_dir="bin" />
				<Option object_output="obj/Release/" />
				<Option external_deps="../../../libs/openFrameworksCompiled/lib/linux64/libopenFrameworks.a;" />
				<Option type="1" />
				<Option compiler="gcc" />
				<Option projectLinkerOptionsRelation="2" />
				<Compiler>
					<Add directory="apps/myApps/vr3d/src" />
				</Compiler>
			</Target>
		</Build>
		<Unit filename="../../../addons/ofxAssimpModelLoader/libs/assimp/include/Compiler/poppack1.h">
			<Option virtualFolder="addons/ofxAssimpModelLoader/libs/assimp/include/Compiler" />
		</Unit>
		<Unit filename="../../../addons/ofxAssimpModelLoader/libs/assimp/include/Compiler/pushpack1.h">
			<Option virtualFolder="addons/ofxAssimpModelLoader/libs/assimp/include/Compiler" />
		</Unit>
		<Unit filename="../../../addons/ofxAssimpModelLoader/libs/assimp/include/DefaultLogger.h">
			<Option virtualFolder="addons/ofxAssimpModelLoader/libs/assimp/include" />
		</Unit>
		<Unit filename="../../../addons/ofxAssimpModelLoader/libs/assimp/include/IOStream.h">
			<Option virtualFolder="addons/ofxAssimpModelLoader/libs/assimp/include" />
		</Unit>
		<Unit filename="../../../addons/ofxAssimpModelLoader/libs/assimp/include/IOSystem.h">
			<Option virtualFolder="addons/ofxAssimpModelLoader/libs/assimp/include" />
		</Unit>
		<Unit filename="../../../addons/ofxAssimpModelLoader/libs/assimp/include/LogStream.h">
			<Option virtualFolder="addons/ofxAssimpModelLoader/libs/assimp/include" />
		</Unit>
		<Unit filename="../../../addons/ofxAssimpModelLoader/libs/assimp/include/Logger.h">
			<Option virtualFolder="addons/ofxAssimpModelLoader/libs/assimp/include" />
		</Unit>
		<Unit filename="../../../addons/ofxAssimpModelLoader/libs/assimp/include/NullLogger.h">
			<Option virtualFolder="addons/ofxAssimpModelLoader/libs/assimp/include" />
		</Unit>
		<Unit filename="../../../addons/ofxAssimpModelLoader/libs/assimp/include/ProgressHandler.h">
			<Option virtualFolder="addons/ofxAssimpModelLoader/libs/assimp/include" />
		</Unit>
		<Unit filename="../../../addons/ofxAssimpModelLoader/libs/assimp/include/aiAnim.h">
			<Option virtualFolder="addons/ofxAssimpModelLoader/libs/assimp/include" />
		</Unit>
		<Unit filename="../../../addons/ofxAssimpModelLoader/libs/assimp/include/aiAssert.h">
			<Option virtualFolder="addons/ofxAssimpModelLoader/libs/assimp/include" />
		</Unit>
		<Unit filename="../../../addons/ofxAssimpModelLoader/libs/assimp/include/aiCamera.h">
			<Option virtualFolder="addons/ofxAssimpModelLoader/libs/assimp/include" />
		</Unit>
		<Unit filename="../../../addons/ofxAssimpModelLoader/libs/assimp/include/aiColor4D.h">
			<Option virtualFolder="addons/ofxAssimpModelLoader/libs/assimp/include" />
		</Unit>
		<Unit filename="../../../addons/ofxAssimpModelLoader/libs/assimp/include/aiConfig.h">
			<Option virtualFolder="addons/ofxAssimpModelLoader/libs/assimp/include" />
		</Unit>
		<Unit filename="../../../addons/ofxAssimpModelLoader/libs/assimp/include/aiDefines.h">
			<Option virtualFolder="addons/ofxAssimpModelLoader/libs/assimp/include" />
		</Unit>
		<Unit filename="../../../addons/ofxAssimpModelLoader/libs/assimp/include/aiFileIO.h">
			<Option virtualFolder="addons/ofxAssimpModelLoader/libs/assimp/include" />
		</Unit>
		<Unit filename="../../../addons/ofxAssimpModelLoader/libs/assimp/include/aiLight.h">
			<Option virtualFolder="addons/ofxAssimpModelLoader/libs/assimp/include" />
		</Unit>
		<Unit filename="../../../addons/ofxAssimpModelLoader/libs/assimp/include/aiMaterial.h">
			<Option virtualFolder="addons/ofxAssimpModelLoader/libs/assimp/include" />
		</Unit>
		<Unit filename="../../../addons/ofxAssimpModelLoader/libs/assimp/include/aiMatrix3x3.h">
			<Option virtualFolder="addons/ofxAssimpModelLoader/libs/assimp/include" />
		</Unit>
		<Unit filename="../../../addons/ofxAssimpModelLoader/libs/assimp/include/aiMatrix4x4.h">
			<Option virtualFolder="addons/ofxAssimpModelLoader/libs/assimp/include" />
		</Unit>
		<Unit filename="../../../addons/ofxAssimpModelLoader/libs/assimp/include/aiMesh.h">
			<Option virtualFolder="addons/ofxAssimpModelLoader/libs/assimp/include" />
		</Unit>
		<Unit filename="../../../addons/ofxAssimpModelLoader/libs/assimp/include/aiPostProcess.h">
			<Option virtualFolder="addons/ofxAssimpModelLoader/libs/assimp/include" />
		</Unit>
		<Unit filename="../../../addons/ofxAssimpModelLoader/libs/assimp/include/aiQuaternion.h">
			<Option virtualFolder="addons/ofxAssimpModelLoader/libs/assimp/include" />
		</Unit>
		<Unit filename="../../../addons/ofxAssimpModelLoader/libs/assimp/include/aiScene.h">
			<Option virtualFolder="addons/ofxAssimpModelLoader/libs/assimp/include" />
		</Unit>
		<Unit filename="../../../addons/ofxAssimpModelLoader/libs/assimp/include/aiTexture.h">
			<Option virtualFolder="addons/ofxAssimpModelLoader/libs/assimp/include" />
		</Unit>
		<Unit filename="../../../addons/ofxAssimpModelLoader/libs/assimp/include/aiTypes.h">
			<Option virtualFolder="addons/ofxAssimpModelLoader/libs/assimp/include" />
		</Unit>
		<Unit filename="../../../addons/ofxAssimpModelLoader/libs/assimp/include/aiVector2D.h">
			<Option virtualFolder="addons/ofxAssimpModelLoader/libs/assimp/include" />
		</Unit>
		<Unit filename="../../../addons/ofxAssimpModelLoader/libs/assimp/include/aiVector3D.h">
			<Option virtualFolder="addons/ofxAssimpModelLoader/libs/assimp/include" />
		</Unit>
		<Unit filename="../../../addons/ofxAssimpModelLoader/libs/assimp/include/aiVersion.h">
			<Option virtualFolder="addons/ofxAssimpModelLoader/libs/assimp/include" />
		</Unit>
		<Unit filename="../../../addons/ofxAssimpModelLoader/libs/assimp/include/assimp.h">
			<Option virtualFolder="addons/ofxAssimpModelLoader/libs/assimp/include" />
		</Unit>
		<Unit filename="../../../addons/ofxAssimpModelLoader/libs/assimp/include/assimp.hpp">
			<Option virtualFolder="addons/ofxAssimpModelLoader/libs/assimp/include" />
		</Unit>
		<Unit filename="../../../addons/ofxAssimpModelLoader/src/ofxAssimpAnimation.cpp">
			<Option virtualFolder="addons/ofxAssimpModelLoader/src" />
		</Unit>
		<Unit filename="../../../addons/ofxAssimpModelLoader/src/ofxAssimpAnimation.h">
			<Option virtualFolder="addons/ofxAssimpModelLoader/src" />
		</Unit>
		<Unit filename="../../../addons/ofxAssimpModelLoader/src/ofxAssimpMeshHelper.cpp">
			<Option virtualFolder="addons/ofxAssimpModelLoader/src" />
		</Unit>
		<Unit filename="../../../addons/ofxAssimpModelLoader/src/ofxAssimpMeshHelper.h">
			<Option virtualFolder="addons/ofxAssimpModelLoader/src" />
		</Unit>
		<Unit filename="../../../addons/ofxAssimpModelLoader/src/ofxAssimpModelLoader.cpp">
			<Option virtualFolder="addons/ofxAssimpModelLoader/src" />
		</Unit>
		<Unit filename="../../../addons/ofxAssimpModelLoader/src/ofxAssimpModelLoader.h">
			<Option virtualFolder="addons/ofxAssimpModelLoader/src" />
		</Unit>
		<Unit filename="../../../addons/ofxAssimpModelLoader/src/ofxAssimpTexture.cpp">
			<Option virtualFolder="addons/ofxAssimpModelLoader/src" />
		</Unit>
		<Unit filename="../../../addons/ofxAssimpModelLoader/src/ofxAssimpTexture.h">
			<Option virtualFolder="addons/ofxAssimpModelLoader/src" />
		</Unit>
		<Unit filename="../../../addons/ofxAssimpModelLoader/src/ofxAssimpUtils.h">
			<Option virtualFolder="addons/ofxAssimpModelLoader/src" />
		</Unit>
		<Unit filename="../../../addons/ofxCv/libs/CLD/include/CLD/ETF.h">
			<Option virtualFolder="addons/ofxCv/libs/CLD/include/CLD" />
		</Unit>
		<Unit filename="../../../addons/ofxCv/libs/CLD/include/CLD/fdog.h">
			<Option virtualFolder="addons/ofxCv/libs/CLD/include/CLD" />
		</Unit>
		<Unit filename="../../../addons/ofxCv/libs/CLD/include/CLD/imatrix.h">
			<Option virtualFolder="addons/ofxCv/libs/CLD/include/CLD" />
		</Unit>
		<Unit filename="../../../addons/ofxCv/libs/CLD/include/CLD/myvec.h">
			<Option virtualFolder="addons/ofxCv/libs/CLD/include/CLD" />
		</Unit>
		<Unit filename="../../../addons/ofxCv/libs/CLD/src/ETF.cpp">
			<Option virtualFolder="addons/ofxCv/libs/CLD/src" />
		</Unit>
		<Unit filename="../../../addons/ofxCv/libs/CLD/src/fdog.cpp">
			<Option virtualFolder="addons/ofxCv/libs/CLD/src" />
		</Unit>
		<Unit filename="../../../addons/ofxCv/libs/ofxCv/include/ofxCv/Calibration.h">
			<Option virtualFolder="addons/ofxCv/libs/ofxCv/include/ofxCv" />
		</Unit>
		<Unit filename="../../../addons/ofxCv/libs/ofxCv/include/ofxCv/ContourFinder.h">
			<Option virtualFolder="addons/ofxCv/libs/ofxCv/include/ofxCv" />
		</Unit>
		<Unit filename="../../../addons/ofxCv/libs/ofxCv/include/ofxCv/Distance.h">
			<Option virtualFolder="addons/ofxCv/libs/ofxCv/include/ofxCv" />
		</Unit>
		<Unit filename="../../../addons/ofxCv/libs/ofxCv/include/ofxCv/Flow.h">
			<Option virtualFolder="addons/ofxCv/libs/ofxCv/include/ofxCv" />
		</Unit>
		<Unit filename="../../../addons/ofxCv/libs/ofxCv/include/ofxCv/Helpers.h">
			<Option virtualFolder="addons/ofxCv/libs/ofxCv/include/ofxCv" />
		</Unit>
		<Unit filename="../../../addons/ofxCv/libs/ofxCv/include/ofxCv/Kalman.h">
			<Option virtualFolder="addons/ofxCv/libs/ofxCv/include/ofxCv" />
		</Unit>
		<Unit filename="../../../addons/ofxCv/libs/ofxCv/include/ofxCv/ObjectFinder.h">
			<Option virtualFolder="addons/ofxCv/libs/ofxCv/include/ofxCv" />
		</Unit>
		<Unit filename="../../../addons/ofxCv/libs/ofxCv/include/ofxCv/RunningBackground.h">
			<Option virtualFolder="addons/ofxCv/libs/ofxCv/include/ofxCv" />
		</Unit>
		<Unit filename="../../../addons/ofxCv/libs/ofxCv/include/ofxCv/Tracker.h">
			<Option virtualFolder="addons/ofxCv/libs/ofxCv/include/ofxCv" />
		</Unit>
		<Unit filename="../../../addons/ofxCv/libs/ofxCv/include/ofxCv/Utilities.h">
			<Option virtualFolder="addons/ofxCv/libs/ofxCv/include/ofxCv" />
		</Unit>
		<Unit filename="../../../addons/ofxCv/libs/ofxCv/include/ofxCv/Wrappers.h">
			<Option virtualFolder="addons/ofxCv/libs/ofxCv/include/ofxCv" />
		</Unit>
		<Unit filename="../../../addons/ofxCv/libs/ofxCv/src/Calibration.cpp">
			<Option virtualFolder="addons/ofxCv/libs/ofxCv/src" />
		</Unit>
		<Unit filename="../../../addons/ofxCv/libs/ofxCv/src/ContourFinder.cpp">
			<Option virtualFolder="addons/ofxCv/libs/ofxCv/src" />
		</Unit>
		<Unit filename="../../../addons/ofxCv/libs/ofxCv/src/Distance.cpp">
			<Option virtualFolder="addons/ofxCv/libs/ofxCv/src" />
		</Unit>
		<Unit filename="../../../addons/ofxCv/libs/ofxCv/src/Flow.cpp">
			<Option virtualFolder="addons/ofxCv/libs/ofxCv/src" />
		</Unit>
		<Unit filename="../../../addons/ofxCv/libs/ofxCv/src/Helpers.cpp">
			<Option virtualFolder="addons/ofxCv/libs/ofxCv/src" />
		</Unit>
		<Unit filename="../../../addons/ofxCv/libs/ofxCv/src/Kalman.cpp">
			<Option virtualFolder="addons/ofxCv/libs/ofxCv/src" />
		</Unit>
		<Unit filename="../../../addons/ofxCv/libs/ofxCv/src/ObjectFinder.cpp">
			<Option virtualFolder="addons/ofxCv/libs/ofxCv/src" />
		</Unit>
		<Unit filename="../../../addons/ofxCv/libs/ofxCv/src/RunningBackground.cpp">
			<Option virtualFolder="addons/ofxCv/libs/ofxCv/src" />
		</Unit>
		<Unit filename="../../../addons/ofxCv/libs/ofxCv/src/Tracker.cpp">
			<Option virtualFolder="addons/ofxCv/libs/ofxCv/src" />
		</Unit>
		<Unit filename="../../../addons/ofxCv/libs/ofxCv/src/Utilities.cpp">
			<Option virtualFolder="addons/ofxCv/libs/ofxCv/src" />
		</Unit>
		<Unit filename="../../../addons/ofxCv/libs/ofxCv/src/Wrappers.cpp">
			<Option virtualFolder="addons/ofxCv/libs/ofxCv/src" />
		</Unit>
		<Unit filename="../../../addons/ofxCv/src/ofxCv.h">
			<Option virtualFolder="addons/ofxCv/src" />
		</Unit>
		<Unit filename="../../../addons/ofxFaceTracker/libs/FaceTracker/include/FaceTracker/CLM.h">
			<Option virtualFolder="addons/ofxFaceTracker/libs/FaceTracker/include/FaceTracker" />
		</Unit>
		<Unit filename="../../../addons/ofxFaceTracker/libs/FaceTracker/include/FaceTracker/FCheck.h">
			<Option virtualFolder="addons/ofxFaceTracker/libs/FaceTracker/include/FaceTracker" />
		</Unit>
		<Unit filename="../../../addons/ofxFaceTracker/libs/FaceTracker/include/FaceTracker/FDet.h">
			<Option virtualFolder="addons/ofxFaceTracker/libs/FaceTracker/include/FaceTracker" />
		</Unit>
		<Unit filename="../../../addons/ofxFaceTracker/libs/FaceTracker/include/FaceTracker/IO.h">
			<Option virtualFolder="addons/ofxFaceTracker/libs/FaceTracker/include/FaceTracker" />
		</Unit>
		<Unit filename="../../../addons/ofxFaceTracker/libs/FaceTracker/include/FaceTracker/PAW.h">
			<Option virtualFolder="addons/ofxFaceTracker/libs/FaceTracker/include/FaceTracker" />
		</Unit>
		<Unit filename="../../../addons/ofxFaceTracker/libs/FaceTracker/include/FaceTracker/PDM.h">
			<Option virtualFolder="addons/ofxFaceTracker/libs/FaceTracker/include/FaceTracker" />
		</Unit>
		<Unit filename="../../../addons/ofxFaceTracker/libs/FaceTracker/include/FaceTracker/Patch.h">
			<Option virtualFolder="addons/ofxFaceTracker/libs/FaceTracker/include/FaceTracker" />
		</Unit>
		<Unit filename="../../../addons/ofxFaceTracker/libs/FaceTracker/include/FaceTracker/Tracker.h">
			<Option virtualFolder="addons/ofxFaceTracker/libs/FaceTracker/include/FaceTracker" />
		</Unit>
		<Unit filename="../../../addons/ofxFaceTracker/libs/FaceTracker/src/lib/CLM.cc">
			<Option virtualFolder="addons/ofxFaceTracker/libs/FaceTracker/src/lib" />
		</Unit>
		<Unit filename="../../../addons/ofxFaceTracker/libs/FaceTracker/src/lib/FCheck.cc">
			<Option virtualFolder="addons/ofxFaceTracker/libs/FaceTracker/src/lib" />
		</Unit>
		<Unit filename="../../../addons/ofxFaceTracker/libs/FaceTracker/src/lib/FDet.cc">
			<Option virtualFolder="addons/ofxFaceTracker/libs/FaceTracker/src/lib" />
		</Unit>
		<Unit filename="../../../addons/ofxFaceTracker/libs/FaceTracker/src/lib/IO.cc">
			<Option virtualFolder="addons/ofxFaceTracker/libs/FaceTracker/src/lib" />
		</Unit>
		<Unit filename="../../../addons/ofxFaceTracker/libs/FaceTracker/src/lib/PAW.cc">
			<Option virtualFolder="addons/ofxFaceTracker/libs/FaceTracker/src/lib" />
		</Unit>
		<Unit filename="../../../addons/ofxFaceTracker/libs/FaceTracker/src/lib/PDM.cc">
			<Option virtualFolder="addons/ofxFaceTracker/libs/FaceTracker/src/lib" />
		</Unit>
		<Unit filename="../../../addons/ofxFaceTracker/libs/FaceTracker/src/lib/Patch.cc">
			<Option virtualFolder="addons/ofxFaceTracker/libs/FaceTracker/src/lib" />
		</Unit>
		<Unit filename="../../../addons/ofxFaceTracker/libs/FaceTracker/src/lib/Tracker.cc">
			<Option virtualFolder="addons/ofxFaceTracker/libs/FaceTracker/src/lib" />
		</Unit>
		<Unit filename="../../../addons/ofxFaceTracker/src/Expression.cpp">
			<Option virtualFolder="addons/ofxFaceTracker/src" />
		</Unit>
		<Unit filename="../../../addons/ofxFaceTracker/src/Expression.h">
			<Option virtualFolder="addons/ofxFaceTracker/src" />
		</Unit>
		<Unit filename="../../../addons/ofxFaceTracker/src/ExpressionClassifier.cpp">
			<Option virtualFolder="addons/ofxFaceTracker/src" />
		</Unit>
		<Unit filename="../../../addons/ofxFaceTracker/src/ExpressionClassifier.h">
			<Option virtualFolder="addons/ofxFaceTracker/src" />
		</Unit>
		<Unit filename="../../../addons/ofxFaceTracker/src/ofxFaceTracker.cpp">
			<Option virtualFolder="addons/ofxFaceTracker/src" />
		</Unit>
		<Unit filename="../../../addons/ofxFaceTracker/src/ofxFaceTracker.h">
			<Option virtualFolder="addons/ofxFaceTracker/src" />
		</Unit>
		<Unit filename="../../../addons/ofxFaceTracker/src/ofxFaceTrackerThreaded.h">
			<Option virtualFolder="addons/ofxFaceTracker/src" />
		</Unit>
		<Unit filename="../../../addons/ofxUI/src/ofxUI.h">
			<Option virtualFolder="addons/ofxUI/src" />
		</Unit>
		<Unit filename="../../../addons/ofxUI/src/ofxUI2DGraph.cpp">
			<Option virtualFolder="addons/ofxUI/src" />
		</Unit>
		<Unit filename="../../../addons/ofxUI/src/ofxUI2DGraph.h">
			<Option virtualFolder="addons/ofxUI/src" />
		</Unit>
		<Unit filename="../../../addons/ofxUI/src/ofxUI2DPad.cpp">
			<Option virtualFolder="addons/ofxUI/src" />
		</Unit>
		<Unit filename="../../../addons/ofxUI/src/ofxUI2DPad.h">
			<Option virtualFolder="addons/ofxUI/src" />
		</Unit>
		<Unit filename="../../../addons/ofxUI/src/ofxUIBaseDraws.cpp">
			<Option virtualFolder="addons/ofxUI/src" />
		</Unit>
		<Unit filename="../../../addons/ofxUI/src/ofxUIBaseDraws.h">
			<Option virtualFolder="addons/ofxUI/src" />
		</Unit>
		<Unit filename="../../../addons/ofxUI/src/ofxUIBiLabelSlider.cpp">
			<Option virtualFolder="addons/ofxUI/src" />
		</Unit>
		<Unit filename="../../../addons/ofxUI/src/ofxUIBiLabelSlider.h">
			<Option virtualFolder="addons/ofxUI/src" />
		</Unit>
		<Unit filename="../../../addons/ofxUI/src/ofxUIButton.cpp">
			<Option virtualFolder="addons/ofxUI/src" />
		</Unit>
		<Unit filename="../../../addons/ofxUI/src/ofxUIButton.h">
			<Option virtualFolder="addons/ofxUI/src" />
		</Unit>
		<Unit filename="../../../addons/ofxUI/src/ofxUICanvas.cpp">
			<Option virtualFolder="addons/ofxUI/src" />
		</Unit>
		<Unit filename="../../../addons/ofxUI/src/ofxUICanvas.h">
			<Option virtualFolder="addons/ofxUI/src" />
		</Unit>
		<Unit filename="../../../addons/ofxUI/src/ofxUICircleSlider.cpp">
			<Option virtualFolder="addons/ofxUI/src" />
		</Unit>
		<Unit filename="../../../addons/ofxUI/src/ofxUICircleSlider.h">
			<Option virtualFolder="addons/ofxUI/src" />
		</Unit>
		<Unit filename="../../../addons/ofxUI/src/ofxUIDefines.h">
			<Option virtualFolder="addons/ofxUI/src" />
		</Unit>
		<Unit filename="../../../addons/ofxUI/src/ofxUIDragableLabelButton.cpp">
			<Option virtualFolder="addons/ofxUI/src" />
		</Unit>
		<Unit filename="../../../addons/ofxUI/src/ofxUIDragableLabelButton.h">
			<Option virtualFolder="addons/ofxUI/src" />
		</Unit>
		<Unit filename="../../../addons/ofxUI/src/ofxUIDropDownList.cpp">
			<Option virtualFolder="addons/ofxUI/src" />
		</Unit>
		<Unit filename="../../../addons/ofxUI/src/ofxUIDropDownList.h">
			<Option virtualFolder="addons/ofxUI/src" />
		</Unit>
		<Unit filename="../../../addons/ofxUI/src/ofxUIEventArgs.cpp">
			<Option virtualFolder="addons/ofxUI/src" />
		</Unit>
		<Unit filename="../../../addons/ofxUI/src/ofxUIEventArgs.h">
			<Option virtualFolder="addons/ofxUI/src" />
		</Unit>
		<Unit filename="../../../addons/ofxUI/src/ofxUIFPS.cpp">
			<Option virtualFolder="addons/ofxUI/src" />
		</Unit>
		<Unit filename="../../../addons/ofxUI/src/ofxUIFPS.h">
			<Option virtualFolder="addons/ofxUI/src" />
		</Unit>
		<Unit filename="../../../addons/ofxUI/src/ofxUIFPSSlider.cpp">
			<Option virtualFolder="addons/ofxUI/src" />
		</Unit>
		<Unit filename="../../../addons/ofxUI/src/ofxUIFPSSlider.h">
			<Option virtualFolder="addons/ofxUI/src" />
		</Unit>
		<Unit filename="../../../addons/ofxUI/src/ofxUIImage.cpp">
			<Option virtualFolder="addons/ofxUI/src" />
		</Unit>
		<Unit filename="../../../addons/ofxUI/src/ofxUIImage.h">
			<Option virtualFolder="addons/ofxUI/src" />
		</Unit>
		<Unit filename="../../../addons/ofxUI/src/ofxUIImageButton.cpp">
			<Option virtualFolder="addons/ofxUI/src" />
		</Unit>
		<Unit filename="../../../addons/ofxUI/src/ofxUIImageButton.h">
			<Option virtualFolder="addons/ofxUI/src" />
		</Unit>
		<Unit filename="../../../addons/ofxUI/src/ofxUIImageSampler.cpp">
			<Option virtualFolder="addons/ofxUI/src" />
		</Unit>
		<Unit filename="../../../addons/ofxUI/src/ofxUIImageSampler.h">
			<Option virtualFolder="addons/ofxUI/src" />
		</Unit>
		<Unit filename="../../../addons/ofxUI/src/ofxUIImageSlider.cpp">
			<Option virtualFolder="addons/ofxUI/src" />
		</Unit>
		<Unit filename="../../../addons/ofxUI/src/ofxUIImageSlider.h">
			<Option virtualFolder="addons/ofxUI/src" />
		</Unit>
		<Unit filename="../../../addons/ofxUI/src/ofxUIImageToggle.cpp">
			<Option virtualFolder="addons/ofxUI/src" />
		</Unit>
		<Unit filename="../../../addons/ofxUI/src/ofxUIImageToggle.h">
			<Option virtualFolder="addons/ofxUI/src" />
		</Unit>
		<Unit filename="../../../addons/ofxUI/src/ofxUILabel.cpp">
			<Option virtualFolder="addons/ofxUI/src" />
		</Unit>
		<Unit filename="../../../addons/ofxUI/src/ofxUILabel.h">
			<Option virtualFolder="addons/ofxUI/src" />
		</Unit>
		<Unit filename="../../../addons/ofxUI/src/ofxUILabelButton.cpp">
			<Option virtualFolder="addons/ofxUI/src" />
		</Unit>
		<Unit filename="../../../addons/ofxUI/src/ofxUILabelButton.h">
			<Option virtualFolder="addons/ofxUI/src" />
		</Unit>
		<Unit filename="../../../addons/ofxUI/src/ofxUILabelToggle.cpp">
			<Option virtualFolder="addons/ofxUI/src" />
		</Unit>
		<Unit filename="../../../addons/ofxUI/src/ofxUILabelToggle.h">
			<Option virtualFolder="addons/ofxUI/src" />
		</Unit>
		<Unit filename="../../../addons/ofxUI/src/ofxUIMinimalSlider.cpp">
			<Option virtualFolder="addons/ofxUI/src" />
		</Unit>
		<Unit filename="../../../addons/ofxUI/src/ofxUIMinimalSlider.h">
			<Option virtualFolder="addons/ofxUI/src" />
		</Unit>
		<Unit filename="../../../addons/ofxUI/src/ofxUIMovingGraph.cpp">
			<Option virtualFolder="addons/ofxUI/src" />
		</Unit>
		<Unit filename="../../../addons/ofxUI/src/ofxUIMovingGraph.h">
			<Option virtualFolder="addons/ofxUI/src" />
		</Unit>
		<Unit filename="../../../addons/ofxUI/src/ofxUIMultiImageButton.cpp">
			<Option virtualFolder="addons/ofxUI/src" />
		</Unit>
		<Unit filename="../../../addons/ofxUI/src/ofxUIMultiImageButton.h">
			<Option virtualFolder="addons/ofxUI/src" />
		</Unit>
		<Unit filename="../../../addons/ofxUI/src/ofxUIMultiImageToggle.cpp">
			<Option virtualFolder="addons/ofxUI/src" />
		</Unit>
		<Unit filename="../../../addons/ofxUI/src/ofxUIMultiImageToggle.h">
			<Option virtualFolder="addons/ofxUI/src" />
		</Unit>
		<Unit filename="../../../addons/ofxUI/src/ofxUINumberDialer.cpp">
			<Option virtualFolder="addons/ofxUI/src" />
		</Unit>
		<Unit filename="../../../addons/ofxUI/src/ofxUINumberDialer.h">
			<Option virtualFolder="addons/ofxUI/src" />
		</Unit>
		<Unit filename="../../../addons/ofxUI/src/ofxUIOFWrapper.h">
			<Option virtualFolder="addons/ofxUI/src" />
		</Unit>
		<Unit filename="../../../addons/ofxUI/src/ofxUIRadio.cpp">
			<Option virtualFolder="addons/ofxUI/src" />
		</Unit>
		<Unit filename="../../../addons/ofxUI/src/ofxUIRadio.h">
			<Option virtualFolder="addons/ofxUI/src" />
		</Unit>
		<Unit filename="../../../addons/ofxUI/src/ofxUIRangeSlider.cpp">
			<Option virtualFolder="addons/ofxUI/src" />
		</Unit>
		<Unit filename="../../../addons/ofxUI/src/ofxUIRangeSlider.h">
			<Option virtualFolder="addons/ofxUI/src" />
		</Unit>
		<Unit filename="../../../addons/ofxUI/src/ofxUIRectangle.cpp">
			<Option virtualFolder="addons/ofxUI/src" />
		</Unit>
		<Unit filename="../../../addons/ofxUI/src/ofxUIRectangle.h">
			<Option virtualFolder="addons/ofxUI/src" />
		</Unit>
		<Unit filename="../../../addons/ofxUI/src/ofxUIRotarySlider.cpp">
			<Option virtualFolder="addons/ofxUI/src" />
		</Unit>
		<Unit filename="../../../addons/ofxUI/src/ofxUIRotarySlider.h">
			<Option virtualFolder="addons/ofxUI/src" />
		</Unit>
		<Unit filename="../../../addons/ofxUI/src/ofxUIScrollableCanvas.cpp">
			<Option virtualFolder="addons/ofxUI/src" />
		</Unit>
		<Unit filename="../../../addons/ofxUI/src/ofxUIScrollableCanvas.h">
			<Option virtualFolder="addons/ofxUI/src" />
		</Unit>
		<Unit filename="../../../addons/ofxUI/src/ofxUISlider.cpp">
			<Option virtualFolder="addons/ofxUI/src" />
		</Unit>
		<Unit filename="../../../addons/ofxUI/src/ofxUISlider.h">
			<Option virtualFolder="addons/ofxUI/src" />
		</Unit>
		<Unit filename="../../../addons/ofxUI/src/ofxUISortableList.cpp">
			<Option virtualFolder="addons/ofxUI/src" />
		</Unit>
		<Unit filename="../../../addons/ofxUI/src/ofxUISortableList.h">
			<Option virtualFolder="addons/ofxUI/src" />
		</Unit>
		<Unit filename="../../../addons/ofxUI/src/ofxUISpacer.cpp">
			<Option virtualFolder="addons/ofxUI/src" />
		</Unit>
		<Unit filename="../../../addons/ofxUI/src/ofxUISpacer.h">
			<Option virtualFolder="addons/ofxUI/src" />
		</Unit>
		<Unit filename="../../../addons/ofxUI/src/ofxUISpectrum.cpp">
			<Option virtualFolder="addons/ofxUI/src" />
		</Unit>
		<Unit filename="../../../addons/ofxUI/src/ofxUISpectrum.h">
			<Option virtualFolder="addons/ofxUI/src" />
		</Unit>
		<Unit filename="../../../addons/ofxUI/src/ofxUISuperCanvas.cpp">
			<Option virtualFolder="addons/ofxUI/src" />
		</Unit>
		<Unit filename="../../../addons/ofxUI/src/ofxUISuperCanvas.h">
			<Option virtualFolder="addons/ofxUI/src" />
		</Unit>
		<Unit filename="../../../addons/ofxUI/src/ofxUITabBar.cpp">
			<Option virtualFolder="addons/ofxUI/src" />
		</Unit>
		<Unit filename="../../../addons/ofxUI/src/ofxUITabBar.h">
			<Option virtualFolder="addons/ofxUI/src" />
		</Unit>
		<Unit filename="../../../addons/ofxUI/src/ofxUITextArea.cpp">
			<Option virtualFolder="addons/ofxUI/src" />
		</Unit>
		<Unit filename="../../../addons/ofxUI/src/ofxUITextArea.h">
			<Option virtualFolder="addons/ofxUI/src" />
		</Unit>
		<Unit filename="../../../addons/ofxUI/src/ofxUITextInput.cpp">
			<Option virtualFolder="addons/ofxUI/src" />
		</Unit>
		<Unit filename="../../../addons/ofxUI/src/ofxUITextInput.h">
			<Option virtualFolder="addons/ofxUI/src" />
		</Unit>
		<Unit filename="../../../addons/ofxUI/src/ofxUIToggle.cpp">
			<Option virtualFolder="addons/ofxUI/src" />
		</Unit>
		<Unit filename="../../../addons/ofxUI/src/ofxUIToggle.h">
			<Option virtualFolder="addons/ofxUI/src" />
		</Unit>
		<Unit filename="../../../addons/ofxUI/src/ofxUIToggleMatrix.cpp">
			<Option virtualFolder="addons/ofxUI/src" />
		</Unit>
		<Unit filename="../../../addons/ofxUI/src/ofxUIToggleMatrix.h">
			<Option virtualFolder="addons/ofxUI/src" />
		</Unit>
		<Unit filename="../../../addons/ofxUI/src/ofxUIUtils.h">
			<Option virtualFolder="addons/ofxUI/src" />
		</Unit>
		<Unit filename="../../../addons/ofxUI/src/ofxUIValuePlotter.cpp">
			<Option virtualFolder="addons/ofxUI/src" />
		</Unit>
		<Unit filename="../../../addons/ofxUI/src/ofxUIValuePlotter.h">
			<Option virtualFolder="addons/ofxUI/src" />
		</Unit>
		<Unit filename="../../../addons/ofxUI/src/ofxUIWaveform.cpp">
			<Option virtualFolder="addons/ofxUI/src" />
		</Unit>
		<Unit filename="../../../addons/ofxUI/src/ofxUIWaveform.h">
			<Option virtualFolder="addons/ofxUI/src" />
		</Unit>
		<Unit filename="../../../addons/ofxUI/src/ofxUIWidget.cpp">
			<Option virtualFolder="addons/ofxUI/src" />
		</Unit>
		<Unit filename="../../../addons/ofxUI/src/ofxUIWidget.h">
			<Option virtualFolder="addons/ofxUI/src" />
		</Unit>
		<Unit filename="../../../addons/ofxUI/src/ofxUIWidgetWithLabel.cpp">
			<Option virtualFolder="addons/ofxUI/src" />
		</Unit>
		<Unit filename="../../../addons/ofxUI/src/ofxUIWidgetWithLabel.h">
			<Option virtualFolder="addons/ofxUI/src" />
		</Unit>
		<Unit filename="../../../addons/ofxUI/src/ofxUIWidgets.h">
			<Option virtualFolder="addons/ofxUI/src" />
		</Unit>
		<Unit filename="../../../addons/ofxUI/src/ofxUIWrapper.h">
			<Option virtualFolder="addons/ofxUI/src" />
		</Unit>
		<Unit filename="config.make">
			<Option virtualFolder="build config" />
		</Unit>
		<Unit filename="src/Camera.h">
			<Option virtualFolder="src/" />
		</Unit>
		<Unit filename="src/Node.h">
			<Option virtualFolder="src/" />
		</Unit>
		<Unit filename="src/OffAxisCamera.cpp">
			<Option virtualFolder="src/" />
		</Unit>
		<Unit filename="src/OffAxisCamera.h">
			<Option virtualFolder="src/" />
		</Unit>
		<Unit filename="src/Scene.cpp">
			<Option virtualFolder="src/" />
		</Unit>
		<Unit filename="src/Scene.h">
			<Option virtualFolder="src/" />
		</Unit>
		<Unit filename="src/main.cpp">
			<Option virtualFolder="src/" />
		</Unit>
		<Unit filename="src/ofApp.cpp">
			<Option virtualFolder="src/" />
		</Unit>
		<Unit filename="src/ofApp.h">
			<Option virtualFolder="src/" />
		</Unit>
		<Extensions>
			<code_completion />
			<envvars />
			<debugger />
		</Extensions>
	</Project>
</CodeBlocks_project_file>
